
Microsoft Visual Studio Solution File, Format Version 12.00
# Visual Studio 2012
Project("{FAE04EC0-301F-11D3-BF4B-00C04F79EFBC}") = "XmlCleaner", "XmlCleaner\XmlCleaner.csproj", "{DB4791C3-5C2F-4F5D-A21D-002E86ABF789}"
EndProject
Project("{2150E333-8FDC-42A3-9474-1A3956D46DE8}") = ".nuget", ".nuget", "{8FAC8DC2-19D0-452F-BC37-7F15BBDC4292}"
	ProjectSection(SolutionItems) = preProject
		.nuget\NuGet.Config = .nuget\NuGet.Config
		.nuget\NuGet.exe = .nuget\NuGet.exe
		.nuget\NuGet.targets = .nuget\NuGet.targets
	EndProjectSection
EndProject
Project("{FAE04EC0-301F-11D3-BF4B-00C04F79EFBC}") = "SyntaxTreeVisualizer", "SyntaxTreeVisualizer\SyntaxTreeVisualizer.csproj", "{8B50F145-EB1C-4C3F-8B1F-D742CF96B319}"
EndProject
Project("{FAE04EC0-301F-11D3-BF4B-00C04F79EFBC}") = "RoslynPerspective", "RoslynPerspective\RoslynPerspective.csproj", "{885E87C0-4EF1-4E83-818B-93E764731AAE}"
EndProject
Global
	GlobalSection(SolutionConfigurationPlatforms) = preSolution
		Debug|Any CPU = Debug|Any CPU
		Release|Any CPU = Release|Any CPU
	EndGlobalSection
	GlobalSection(ProjectConfigurationPlatforms) = postSolution
		{DB4791C3-5C2F-4F5D-A21D-002E86ABF789}.Debug|Any CPU.ActiveCfg = Debug|Any CPU
		{DB4791C3-5C2F-4F5D-A21D-002E86ABF789}.Debug|Any CPU.Build.0 = Debug|Any CPU
		{DB4791C3-5C2F-4F5D-A21D-002E86ABF789}.Release|Any CPU.ActiveCfg = Release|Any CPU
		{DB4791C3-5C2F-4F5D-A21D-002E86ABF789}.Release|Any CPU.Build.0 = Release|Any CPU
		{8B50F145-EB1C-4C3F-8B1F-D742CF96B319}.Debug|Any CPU.ActiveCfg = Debug|Any CPU
		{8B50F145-EB1C-4C3F-8B1F-D742CF96B319}.Debug|Any CPU.Build.0 = Debug|Any CPU
		{8B50F145-EB1C-4C3F-8B1F-D742CF96B319}.Release|Any CPU.ActiveCfg = Release|Any CPU
		{8B50F145-EB1C-4C3F-8B1F-D742CF96B319}.Release|Any CPU.Build.0 = Release|Any CPU
		{885E87C0-4EF1-4E83-818B-93E764731AAE}.Debug|Any CPU.ActiveCfg = Debug|Any CPU
		{885E87C0-4EF1-4E83-818B-93E764731AAE}.Debug|Any CPU.Build.0 = Debug|Any CPU
		{885E87C0-4EF1-4E83-818B-93E764731AAE}.Release|Any CPU.ActiveCfg = Release|Any CPU
		{885E87C0-4EF1-4E83-818B-93E764731AAE}.Release|Any CPU.Build.0 = Release|Any CPU
	EndGlobalSection
	GlobalSection(SolutionProperties) = preSolution
		HideSolutionNode = FALSE
	EndGlobalSection
EndGlobal
